
Microsoft Visual Studio Solution File, Format Version 12.00
# Visual Studio Version 16
VisualStudioVersion = 16.0.31025.194
MinimumVisualStudioVersion = 10.0.40219.1
Project("{FAE04EC0-301F-11D3-BF4B-00C04F79EFBC}") = "Dydykin_Korobejnikov_Krjukov_Tomogram_Visualizer1", "Dydykin_Tomogram_Visualizer1\Dydykin_Korobejnikov_Krjukov_Tomogram_Visualizer1.csproj", "{4EA8CAB5-64E1-46A9-8A8D-75264924EA0B}"
EndProject
Global
	GlobalSection(SolutionConfigurationPlatforms) = preSolution
		Debug|Any CPU = Debug|Any CPU
		Release|Any CPU = Release|Any CPU
	EndGlobalSection
	GlobalSection(ProjectConfigurationPlatforms) = postSolution
		{4EA8CAB5-64E1-46A9-8A8D-75264924EA0B}.Debug|Any CPU.ActiveCfg = Debug|Any CPU
		{4EA8CAB5-64E1-46A9-8A8D-75264924EA0B}.Debug|Any CPU.Build.0 = Debug|Any CPU
		{4EA8CAB5-64E1-46A9-8A8D-75264924EA0B}.Release|Any CPU.ActiveCfg = Release|Any CPU
		{4EA8CAB5-64E1-46A9-8A8D-75264924EA0B}.Release|Any CPU.Build.0 = Release|Any CPU
	EndGlobalSection
	GlobalSection(SolutionProperties) = preSolution
		HideSolutionNode = FALSE
	EndGlobalSection
	GlobalSection(ExtensibilityGlobals) = postSolution
		SolutionGuid = {A874A92F-3F70-4729-8C95-86DC6F1EA978}
	EndGlobalSection
EndGlobal
